
Microsoft Visual Studio Solution File, Format Version 12.00
# Visual Studio 15
Project("{FAE04EC0-301F-11D3-BF4B-00C04F79EFBC}") = "UnityEngine.UI", "UnityEngine.UI.csproj", "{03F94065-3107-AEAB-FFE7-EE26DA1CCD14}"
EndProject
Project("{FAE04EC0-301F-11D3-BF4B-00C04F79EFBC}") = "UnityEngine.TestRunner", "UnityEngine.TestRunner.csproj", "{7FBEC438-29A5-ABBF-5D1D-D0E20288F2AA}"
EndProject
Project("{FAE04EC0-301F-11D3-BF4B-00C04F79EFBC}") = "Unity.VisualScripting.Flow", "Unity.VisualScripting.Flow.csproj", "{A2F6F839-7E8F-B9D7-CDA4-20828B0AE327}"
EndProject
Project("{FAE04EC0-301F-11D3-BF4B-00C04F79EFBC}") = "Unity.VisualScripting.State", "Unity.VisualScripting.State.csproj", "{E96CF76F-EF80-D591-82A5-9A664B1650DC}"
EndProject
Project("{FAE04EC0-301F-11D3-BF4B-00C04F79EFBC}") = "Unity.VisualScripting.Core", "Unity.VisualScripting.Core.csproj", "{50762206-97E5-49D9-2E3F-1DE7A7B201F0}"
EndProject
Project("{FAE04EC0-301F-11D3-BF4B-00C04F79EFBC}") = "Unity.TextMeshPro", "Unity.TextMeshPro.csproj", "{4A6CA553-310F-E186-5DE0-4EB9A5484159}"
EndProject
Project("{FAE04EC0-301F-11D3-BF4B-00C04F79EFBC}") = "Unity.Timeline", "Unity.Timeline.csproj", "{C057329A-F573-F15A-5D17-D845490D662E}"
EndProject
Project("{FAE04EC0-301F-11D3-BF4B-00C04F79EFBC}") = "Assembly-CSharp", "Assembly-CSharp.csproj", "{72E6F840-FE4B-B545-BA95-234EA0EAEB0D}"
EndProject
Project("{FAE04EC0-301F-11D3-BF4B-00C04F79EFBC}") = "Unity.PlasticSCM.Editor", "Unity.PlasticSCM.Editor.csproj", "{805D43C9-6B51-AC25-01C4-F7D718E083C3}"
EndProject
Project("{FAE04EC0-301F-11D3-BF4B-00C04F79EFBC}") = "Unity.VisualScripting.Core.Editor", "Unity.VisualScripting.Core.Editor.csproj", "{F4AEFC3F-3A19-C66A-E227-730A9120C142}"
EndProject
Project("{FAE04EC0-301F-11D3-BF4B-00C04F79EFBC}") = "Unity.VisualScripting.Flow.Editor", "Unity.VisualScripting.Flow.Editor.csproj", "{44F765DE-520C-8BF3-CF19-5C8DCC4DA893}"
EndProject
Project("{FAE04EC0-301F-11D3-BF4B-00C04F79EFBC}") = "Unity.VisualStudio.Editor", "Unity.VisualStudio.Editor.csproj", "{04004A9C-0587-B783-34D3-CA0D3E45CF36}"
EndProject
Project("{FAE04EC0-301F-11D3-BF4B-00C04F79EFBC}") = "Unity.Timeline.Editor", "Unity.Timeline.Editor.csproj", "{D5892F00-4CCC-EA37-E0A4-2343A2EBD0D9}"
EndProject
Project("{FAE04EC0-301F-11D3-BF4B-00C04F79EFBC}") = "Unity.VisualScripting.State.Editor", "Unity.VisualScripting.State.Editor.csproj", "{C49C8C25-4DE7-C8E6-8BBB-DDF60DFEF8D1}"
EndProject
Project("{FAE04EC0-301F-11D3-BF4B-00C04F79EFBC}") = "Unity.TextMeshPro.Editor", "Unity.TextMeshPro.Editor.csproj", "{D72267E4-003C-B0C6-D60A-A05B81090EE1}"
EndProject
Project("{FAE04EC0-301F-11D3-BF4B-00C04F79EFBC}") = "Unity.VisualScripting.SettingsProvider.Editor", "Unity.VisualScripting.SettingsProvider.Editor.csproj", "{70769587-AFAC-E18C-52DB-C498CD5AD92A}"
EndProject
Project("{FAE04EC0-301F-11D3-BF4B-00C04F79EFBC}") = "UnityEditor.TestRunner", "UnityEditor.TestRunner.csproj", "{ABFB1113-7FFF-7CD5-0EED-33C9027116B9}"
EndProject
Project("{FAE04EC0-301F-11D3-BF4B-00C04F79EFBC}") = "Unity.TestTools.CodeCoverage.Editor", "Unity.TestTools.CodeCoverage.Editor.csproj", "{667592FB-2234-B73A-6B42-027127559E08}"
EndProject
Project("{FAE04EC0-301F-11D3-BF4B-00C04F79EFBC}") = "Unity.Rider.Editor", "Unity.Rider.Editor.csproj", "{24C9E781-5DF5-6835-7733-34910AA6E298}"
EndProject
Project("{FAE04EC0-301F-11D3-BF4B-00C04F79EFBC}") = "Unity.Performance.Profile-Analyzer.Editor", "Unity.Performance.Profile-Analyzer.Editor.csproj", "{A0DBE13E-61B9-9C62-7323-D598C944D664}"
EndProject
Project("{FAE04EC0-301F-11D3-BF4B-00C04F79EFBC}") = "Unity.VSCode.Editor", "Unity.VSCode.Editor.csproj", "{0B99A6C0-108E-6C4B-EE93-CFA43BA80A60}"
EndProject
Project("{FAE04EC0-301F-11D3-BF4B-00C04F79EFBC}") = "Unity.2D.Sprite.Editor", "Unity.2D.Sprite.Editor.csproj", "{36E29E2E-7E43-6748-75D1-973F8D2CAF53}"
EndProject
Project("{FAE04EC0-301F-11D3-BF4B-00C04F79EFBC}") = "UnityEditor.UI", "UnityEditor.UI.csproj", "{286D03C7-6E04-9FFD-977A-3D047BD9ED5A}"
EndProject
Project("{FAE04EC0-301F-11D3-BF4B-00C04F79EFBC}") = "Unity.TestTools.CodeCoverage.Editor.OpenCover.Model", "Unity.TestTools.CodeCoverage.Editor.OpenCover.Model.csproj", "{87CD6C4A-505D-7085-16A5-19384B1AEA2D}"
EndProject
Project("{FAE04EC0-301F-11D3-BF4B-00C04F79EFBC}") = "Unity.EditorCoroutines.Editor", "Unity.EditorCoroutines.Editor.csproj", "{2602051B-E959-E6C7-F378-CC642552B5A1}"
EndProject
Project("{FAE04EC0-301F-11D3-BF4B-00C04F79EFBC}") = "Unity.Settings.Editor", "Unity.Settings.Editor.csproj", "{2DF23CC9-0DBE-40FE-E6BD-2473D9D9E667}"
EndProject
Project("{FAE04EC0-301F-11D3-BF4B-00C04F79EFBC}") = "Unity.CollabProxy.Editor", "Unity.CollabProxy.Editor.csproj", "{F4771870-AF40-992D-FD6B-EFCF677BC2B0}"
EndProject
Project("{FAE04EC0-301F-11D3-BF4B-00C04F79EFBC}") = "Unity.TestTools.CodeCoverage.Editor.OpenCover.Mono.Reflection", "Unity.TestTools.CodeCoverage.Editor.OpenCover.Mono.Reflection.csproj", "{0C835E9E-5D26-8FE3-9697-93AEB63AC6CA}"
EndProject
Project("{FAE04EC0-301F-11D3-BF4B-00C04F79EFBC}") = "Unity.VisualScripting.Shared.Editor", "Unity.VisualScripting.Shared.Editor.csproj", "{F5DCD4A4-14C0-48F7-87C3-72152F14CBBB}"
EndProject
Project("{FAE04EC0-301F-11D3-BF4B-00C04F79EFBC}") = "UnityEngine.UI", "UnityEngine.UI.Player.csproj", "{09878330-D5BA-CACD-E4CC-8B919C408152}"
EndProject
Project("{FAE04EC0-301F-11D3-BF4B-00C04F79EFBC}") = "UnityEngine.TestRunner", "UnityEngine.TestRunner.Player.csproj", "{3CECE789-8F23-546A-CAD6-89A612EFE1FA}"
EndProject
Project("{FAE04EC0-301F-11D3-BF4B-00C04F79EFBC}") = "Unity.VisualScripting.Flow", "Unity.VisualScripting.Flow.Player.csproj", "{8F96CB4C-D968-53A6-5D30-B149A15B6A9A}"
EndProject
Project("{FAE04EC0-301F-11D3-BF4B-00C04F79EFBC}") = "Unity.VisualScripting.State", "Unity.VisualScripting.State.Player.csproj", "{AF171164-63A1-38EB-E1E9-483C8934B713}"
EndProject
Project("{FAE04EC0-301F-11D3-BF4B-00C04F79EFBC}") = "Unity.VisualScripting.Core", "Unity.VisualScripting.Core.Player.csproj", "{991664D3-495E-9B64-FB5E-405697DFFF25}"
EndProject
Project("{FAE04EC0-301F-11D3-BF4B-00C04F79EFBC}") = "Unity.TextMeshPro", "Unity.TextMeshPro.Player.csproj", "{A4F3EE2A-D21A-2DBE-A471-0ADBBC41AD2A}"
EndProject
Project("{FAE04EC0-301F-11D3-BF4B-00C04F79EFBC}") = "Unity.Timeline", "Unity.Timeline.Player.csproj", "{F88DE5A9-EDC6-0C37-11BA-7B42E026DD43}"
EndProject
Project("{FAE04EC0-301F-11D3-BF4B-00C04F79EFBC}") = "Assembly-CSharp", "Assembly-CSharp.Player.csproj", "{28AF8CAC-CF34-ACC0-55E1-0062500A0A69}"
EndProject
Global
	GlobalSection(SolutionConfigurationPlatforms) = preSolution
		Debug|Any CPU = Debug|Any CPU
		Release|Any CPU = Release|Any CPU
	EndGlobalSection
	GlobalSection(ProjectConfigurationPlatforms) = postSolution
		{03F94065-3107-AEAB-FFE7-EE26DA1CCD14}.Debug|Any CPU.ActiveCfg = Debug|Any CPU
		{03F94065-3107-AEAB-FFE7-EE26DA1CCD14}.Debug|Any CPU.Build.0 = Debug|Any CPU
		{03F94065-3107-AEAB-FFE7-EE26DA1CCD14}.Release|Any CPU.ActiveCfg = Release|Any CPU
		{03F94065-3107-AEAB-FFE7-EE26DA1CCD14}.Release|Any CPU.Build.0 = Release|Any CPU
		{7FBEC438-29A5-ABBF-5D1D-D0E20288F2AA}.Debug|Any CPU.ActiveCfg = Debug|Any CPU
		{7FBEC438-29A5-ABBF-5D1D-D0E20288F2AA}.Debug|Any CPU.Build.0 = Debug|Any CPU
		{7FBEC438-29A5-ABBF-5D1D-D0E20288F2AA}.Release|Any CPU.ActiveCfg = Release|Any CPU
		{7FBEC438-29A5-ABBF-5D1D-D0E20288F2AA}.Release|Any CPU.Build.0 = Release|Any CPU
		{A2F6F839-7E8F-B9D7-CDA4-20828B0AE327}.Debug|Any CPU.ActiveCfg = Debug|Any CPU
		{A2F6F839-7E8F-B9D7-CDA4-20828B0AE327}.Debug|Any CPU.Build.0 = Debug|Any CPU
		{A2F6F839-7E8F-B9D7-CDA4-20828B0AE327}.Release|Any CPU.ActiveCfg = Release|Any CPU
		{A2F6F839-7E8F-B9D7-CDA4-20828B0AE327}.Release|Any CPU.Build.0 = Release|Any CPU
		{E96CF76F-EF80-D591-82A5-9A664B1650DC}.Debug|Any CPU.ActiveCfg = Debug|Any CPU
		{E96CF76F-EF80-D591-82A5-9A664B1650DC}.Debug|Any CPU.Build.0 = Debug|Any CPU
		{E96CF76F-EF80-D591-82A5-9A664B1650DC}.Release|Any CPU.ActiveCfg = Release|Any CPU
		{E96CF76F-EF80-D591-82A5-9A664B1650DC}.Release|Any CPU.Build.0 = Release|Any CPU
		{50762206-97E5-49D9-2E3F-1DE7A7B201F0}.Debug|Any CPU.ActiveCfg = Debug|Any CPU
		{50762206-97E5-49D9-2E3F-1DE7A7B201F0}.Debug|Any CPU.Build.0 = Debug|Any CPU
		{50762206-97E5-49D9-2E3F-1DE7A7B201F0}.Release|Any CPU.ActiveCfg = Release|Any CPU
		{50762206-97E5-49D9-2E3F-1DE7A7B201F0}.Release|Any CPU.Build.0 = Release|Any CPU
		{4A6CA553-310F-E186-5DE0-4EB9A5484159}.Debug|Any CPU.ActiveCfg = Debug|Any CPU
		{4A6CA553-310F-E186-5DE0-4EB9A5484159}.Debug|Any CPU.Build.0 = Debug|Any CPU
		{4A6CA553-310F-E186-5DE0-4EB9A5484159}.Release|Any CPU.ActiveCfg = Release|Any CPU
		{4A6CA553-310F-E186-5DE0-4EB9A5484159}.Release|Any CPU.Build.0 = Release|Any CPU
		{C057329A-F573-F15A-5D17-D845490D662E}.Debug|Any CPU.ActiveCfg = Debug|Any CPU
		{C057329A-F573-F15A-5D17-D845490D662E}.Debug|Any CPU.Build.0 = Debug|Any CPU
		{C057329A-F573-F15A-5D17-D845490D662E}.Release|Any CPU.ActiveCfg = Release|Any CPU
		{C057329A-F573-F15A-5D17-D845490D662E}.Release|Any CPU.Build.0 = Release|Any CPU
		{72E6F840-FE4B-B545-BA95-234EA0EAEB0D}.Debug|Any CPU.ActiveCfg = Debug|Any CPU
		{72E6F840-FE4B-B545-BA95-234EA0EAEB0D}.Debug|Any CPU.Build.0 = Debug|Any CPU
		{72E6F840-FE4B-B545-BA95-234EA0EAEB0D}.Release|Any CPU.ActiveCfg = Release|Any CPU
		{72E6F840-FE4B-B545-BA95-234EA0EAEB0D}.Release|Any CPU.Build.0 = Release|Any CPU
		{805D43C9-6B51-AC25-01C4-F7D718E083C3}.Debug|Any CPU.ActiveCfg = Debug|Any CPU
		{805D43C9-6B51-AC25-01C4-F7D718E083C3}.Debug|Any CPU.Build.0 = Debug|Any CPU
		{805D43C9-6B51-AC25-01C4-F7D718E083C3}.Release|Any CPU.ActiveCfg = Release|Any CPU
		{805D43C9-6B51-AC25-01C4-F7D718E083C3}.Release|Any CPU.Build.0 = Release|Any CPU
		{F4AEFC3F-3A19-C66A-E227-730A9120C142}.Debug|Any CPU.ActiveCfg = Debug|Any CPU
		{F4AEFC3F-3A19-C66A-E227-730A9120C142}.Debug|Any CPU.Build.0 = Debug|Any CPU
		{F4AEFC3F-3A19-C66A-E227-730A9120C142}.Release|Any CPU.ActiveCfg = Release|Any CPU
		{F4AEFC3F-3A19-C66A-E227-730A9120C142}.Release|Any CPU.Build.0 = Release|Any CPU
		{44F765DE-520C-8BF3-CF19-5C8DCC4DA893}.Debug|Any CPU.ActiveCfg = Debug|Any CPU
		{44F765DE-520C-8BF3-CF19-5C8DCC4DA893}.Debug|Any CPU.Build.0 = Debug|Any CPU
		{44F765DE-520C-8BF3-CF19-5C8DCC4DA893}.Release|Any CPU.ActiveCfg = Release|Any CPU
		{44F765DE-520C-8BF3-CF19-5C8DCC4DA893}.Release|Any CPU.Build.0 = Release|Any CPU
		{04004A9C-0587-B783-34D3-CA0D3E45CF36}.Debug|Any CPU.ActiveCfg = Debug|Any CPU
		{04004A9C-0587-B783-34D3-CA0D3E45CF36}.Debug|Any CPU.Build.0 = Debug|Any CPU
		{04004A9C-0587-B783-34D3-CA0D3E45CF36}.Release|Any CPU.ActiveCfg = Release|Any CPU
		{04004A9C-0587-B783-34D3-CA0D3E45CF36}.Release|Any CPU.Build.0 = Release|Any CPU
		{D5892F00-4CCC-EA37-E0A4-2343A2EBD0D9}.Debug|Any CPU.ActiveCfg = Debug|Any CPU
		{D5892F00-4CCC-EA37-E0A4-2343A2EBD0D9}.Debug|Any CPU.Build.0 = Debug|Any CPU
		{D5892F00-4CCC-EA37-E0A4-2343A2EBD0D9}.Release|Any CPU.ActiveCfg = Release|Any CPU
		{D5892F00-4CCC-EA37-E0A4-2343A2EBD0D9}.Release|Any CPU.Build.0 = Release|Any CPU
		{C49C8C25-4DE7-C8E6-8BBB-DDF60DFEF8D1}.Debug|Any CPU.ActiveCfg = Debug|Any CPU
		{C49C8C25-4DE7-C8E6-8BBB-DDF60DFEF8D1}.Debug|Any CPU.Build.0 = Debug|Any CPU
		{C49C8C25-4DE7-C8E6-8BBB-DDF60DFEF8D1}.Release|Any CPU.ActiveCfg = Release|Any CPU
		{C49C8C25-4DE7-C8E6-8BBB-DDF60DFEF8D1}.Release|Any CPU.Build.0 = Release|Any CPU
		{D72267E4-003C-B0C6-D60A-A05B81090EE1}.Debug|Any CPU.ActiveCfg = Debug|Any CPU
		{D72267E4-003C-B0C6-D60A-A05B81090EE1}.Debug|Any CPU.Build.0 = Debug|Any CPU
		{D72267E4-003C-B0C6-D60A-A05B81090EE1}.Release|Any CPU.ActiveCfg = Release|Any CPU
		{D72267E4-003C-B0C6-D60A-A05B81090EE1}.Release|Any CPU.Build.0 = Release|Any CPU
		{70769587-AFAC-E18C-52DB-C498CD5AD92A}.Debug|Any CPU.ActiveCfg = Debug|Any CPU
		{70769587-AFAC-E18C-52DB-C498CD5AD92A}.Debug|Any CPU.Build.0 = Debug|Any CPU
		{70769587-AFAC-E18C-52DB-C498CD5AD92A}.Release|Any CPU.ActiveCfg = Release|Any CPU
		{70769587-AFAC-E18C-52DB-C498CD5AD92A}.Release|Any CPU.Build.0 = Release|Any CPU
		{ABFB1113-7FFF-7CD5-0EED-33C9027116B9}.Debug|Any CPU.ActiveCfg = Debug|Any CPU
		{ABFB1113-7FFF-7CD5-0EED-33C9027116B9}.Debug|Any CPU.Build.0 = Debug|Any CPU
		{ABFB1113-7FFF-7CD5-0EED-33C9027116B9}.Release|Any CPU.ActiveCfg = Release|Any CPU
		{ABFB1113-7FFF-7CD5-0EED-33C9027116B9}.Release|Any CPU.Build.0 = Release|Any CPU
		{667592FB-2234-B73A-6B42-027127559E08}.Debug|Any CPU.ActiveCfg = Debug|Any CPU
		{667592FB-2234-B73A-6B42-027127559E08}.Debug|Any CPU.Build.0 = Debug|Any CPU
		{667592FB-2234-B73A-6B42-027127559E08}.Release|Any CPU.ActiveCfg = Release|Any CPU
		{667592FB-2234-B73A-6B42-027127559E08}.Release|Any CPU.Build.0 = Release|Any CPU
		{24C9E781-5DF5-6835-7733-34910AA6E298}.Debug|Any CPU.ActiveCfg = Debug|Any CPU
		{24C9E781-5DF5-6835-7733-34910AA6E298}.Debug|Any CPU.Build.0 = Debug|Any CPU
		{24C9E781-5DF5-6835-7733-34910AA6E298}.Release|Any CPU.ActiveCfg = Release|Any CPU
		{24C9E781-5DF5-6835-7733-34910AA6E298}.Release|Any CPU.Build.0 = Release|Any CPU
		{A0DBE13E-61B9-9C62-7323-D598C944D664}.Debug|Any CPU.ActiveCfg = Debug|Any CPU
		{A0DBE13E-61B9-9C62-7323-D598C944D664}.Debug|Any CPU.Build.0 = Debug|Any CPU
		{A0DBE13E-61B9-9C62-7323-D598C944D664}.Release|Any CPU.ActiveCfg = Release|Any CPU
		{A0DBE13E-61B9-9C62-7323-D598C944D664}.Release|Any CPU.Build.0 = Release|Any CPU
		{0B99A6C0-108E-6C4B-EE93-CFA43BA80A60}.Debug|Any CPU.ActiveCfg = Debug|Any CPU
		{0B99A6C0-108E-6C4B-EE93-CFA43BA80A60}.Debug|Any CPU.Build.0 = Debug|Any CPU
		{0B99A6C0-108E-6C4B-EE93-CFA43BA80A60}.Release|Any CPU.ActiveCfg = Release|Any CPU
		{0B99A6C0-108E-6C4B-EE93-CFA43BA80A60}.Release|Any CPU.Build.0 = Release|Any CPU
		{36E29E2E-7E43-6748-75D1-973F8D2CAF53}.Debug|Any CPU.ActiveCfg = Debug|Any CPU
		{36E29E2E-7E43-6748-75D1-973F8D2CAF53}.Debug|Any CPU.Build.0 = Debug|Any CPU
		{36E29E2E-7E43-6748-75D1-973F8D2CAF53}.Release|Any CPU.ActiveCfg = Release|Any CPU
		{36E29E2E-7E43-6748-75D1-973F8D2CAF53}.Release|Any CPU.Build.0 = Release|Any CPU
		{286D03C7-6E04-9FFD-977A-3D047BD9ED5A}.Debug|Any CPU.ActiveCfg = Debug|Any CPU
		{286D03C7-6E04-9FFD-977A-3D047BD9ED5A}.Debug|Any CPU.Build.0 = Debug|Any CPU
		{286D03C7-6E04-9FFD-977A-3D047BD9ED5A}.Release|Any CPU.ActiveCfg = Release|Any CPU
		{286D03C7-6E04-9FFD-977A-3D047BD9ED5A}.Release|Any CPU.Build.0 = Release|Any CPU
		{87CD6C4A-505D-7085-16A5-19384B1AEA2D}.Debug|Any CPU.ActiveCfg = Debug|Any CPU
		{87CD6C4A-505D-7085-16A5-19384B1AEA2D}.Debug|Any CPU.Build.0 = Debug|Any CPU
		{87CD6C4A-505D-7085-16A5-19384B1AEA2D}.Release|Any CPU.ActiveCfg = Release|Any CPU
		{87CD6C4A-505D-7085-16A5-19384B1AEA2D}.Release|Any CPU.Build.0 = Release|Any CPU
		{2602051B-E959-E6C7-F378-CC642552B5A1}.Debug|Any CPU.ActiveCfg = Debug|Any CPU
		{2602051B-E959-E6C7-F378-CC642552B5A1}.Debug|Any CPU.Build.0 = Debug|Any CPU
		{2602051B-E959-E6C7-F378-CC642552B5A1}.Release|Any CPU.ActiveCfg = Release|Any CPU
		{2602051B-E959-E6C7-F378-CC642552B5A1}.Release|Any CPU.Build.0 = Release|Any CPU
		{2DF23CC9-0DBE-40FE-E6BD-2473D9D9E667}.Debug|Any CPU.ActiveCfg = Debug|Any CPU
		{2DF23CC9-0DBE-40FE-E6BD-2473D9D9E667}.Debug|Any CPU.Build.0 = Debug|Any CPU
		{2DF23CC9-0DBE-40FE-E6BD-2473D9D9E667}.Release|Any CPU.ActiveCfg = Release|Any CPU
		{2DF23CC9-0DBE-40FE-E6BD-2473D9D9E667}.Release|Any CPU.Build.0 = Release|Any CPU
		{F4771870-AF40-992D-FD6B-EFCF677BC2B0}.Debug|Any CPU.ActiveCfg = Debug|Any CPU
		{F4771870-AF40-992D-FD6B-EFCF677BC2B0}.Debug|Any CPU.Build.0 = Debug|Any CPU
		{F4771870-AF40-992D-FD6B-EFCF677BC2B0}.Release|Any CPU.ActiveCfg = Release|Any CPU
		{F4771870-AF40-992D-FD6B-EFCF677BC2B0}.Release|Any CPU.Build.0 = Release|Any CPU
		{0C835E9E-5D26-8FE3-9697-93AEB63AC6CA}.Debug|Any CPU.ActiveCfg = Debug|Any CPU
		{0C835E9E-5D26-8FE3-9697-93AEB63AC6CA}.Debug|Any CPU.Build.0 = Debug|Any CPU
		{0C835E9E-5D26-8FE3-9697-93AEB63AC6CA}.Release|Any CPU.ActiveCfg = Release|Any CPU
		{0C835E9E-5D26-8FE3-9697-93AEB63AC6CA}.Release|Any CPU.Build.0 = Release|Any CPU
		{F5DCD4A4-14C0-48F7-87C3-72152F14CBBB}.Debug|Any CPU.ActiveCfg = Debug|Any CPU
		{F5DCD4A4-14C0-48F7-87C3-72152F14CBBB}.Debug|Any CPU.Build.0 = Debug|Any CPU
		{F5DCD4A4-14C0-48F7-87C3-72152F14CBBB}.Release|Any CPU.ActiveCfg = Release|Any CPU
		{F5DCD4A4-14C0-48F7-87C3-72152F14CBBB}.Release|Any CPU.Build.0 = Release|Any CPU
		{09878330-D5BA-CACD-E4CC-8B919C408152}.Debug|Any CPU.ActiveCfg = Debug|Any CPU
		{09878330-D5BA-CACD-E4CC-8B919C408152}.Debug|Any CPU.Build.0 = Debug|Any CPU
		{09878330-D5BA-CACD-E4CC-8B919C408152}.Release|Any CPU.ActiveCfg = Release|Any CPU
		{09878330-D5BA-CACD-E4CC-8B919C408152}.Release|Any CPU.Build.0 = Release|Any CPU
		{3CECE789-8F23-546A-CAD6-89A612EFE1FA}.Debug|Any CPU.ActiveCfg = Debug|Any CPU
		{3CECE789-8F23-546A-CAD6-89A612EFE1FA}.Debug|Any CPU.Build.0 = Debug|Any CPU
		{3CECE789-8F23-546A-CAD6-89A612EFE1FA}.Release|Any CPU.ActiveCfg = Release|Any CPU
		{3CECE789-8F23-546A-CAD6-89A612EFE1FA}.Release|Any CPU.Build.0 = Release|Any CPU
		{8F96CB4C-D968-53A6-5D30-B149A15B6A9A}.Debug|Any CPU.ActiveCfg = Debug|Any CPU
		{8F96CB4C-D968-53A6-5D30-B149A15B6A9A}.Debug|Any CPU.Build.0 = Debug|Any CPU
		{8F96CB4C-D968-53A6-5D30-B149A15B6A9A}.Release|Any CPU.ActiveCfg = Release|Any CPU
		{8F96CB4C-D968-53A6-5D30-B149A15B6A9A}.Release|Any CPU.Build.0 = Release|Any CPU
		{AF171164-63A1-38EB-E1E9-483C8934B713}.Debug|Any CPU.ActiveCfg = Debug|Any CPU
		{AF171164-63A1-38EB-E1E9-483C8934B713}.Debug|Any CPU.Build.0 = Debug|Any CPU
		{AF171164-63A1-38EB-E1E9-483C8934B713}.Release|Any CPU.ActiveCfg = Release|Any CPU
		{AF171164-63A1-38EB-E1E9-483C8934B713}.Release|Any CPU.Build.0 = Release|Any CPU
		{991664D3-495E-9B64-FB5E-405697DFFF25}.Debug|Any CPU.ActiveCfg = Debug|Any CPU
		{991664D3-495E-9B64-FB5E-405697DFFF25}.Debug|Any CPU.Build.0 = Debug|Any CPU
		{991664D3-495E-9B64-FB5E-405697DFFF25}.Release|Any CPU.ActiveCfg = Release|Any CPU
		{991664D3-495E-9B64-FB5E-405697DFFF25}.Release|Any CPU.Build.0 = Release|Any CPU
		{A4F3EE2A-D21A-2DBE-A471-0ADBBC41AD2A}.Debug|Any CPU.ActiveCfg = Debug|Any CPU
		{A4F3EE2A-D21A-2DBE-A471-0ADBBC41AD2A}.Debug|Any CPU.Build.0 = Debug|Any CPU
		{A4F3EE2A-D21A-2DBE-A471-0ADBBC41AD2A}.Release|Any CPU.ActiveCfg = Release|Any CPU
		{A4F3EE2A-D21A-2DBE-A471-0ADBBC41AD2A}.Release|Any CPU.Build.0 = Release|Any CPU
		{F88DE5A9-EDC6-0C37-11BA-7B42E026DD43}.Debug|Any CPU.ActiveCfg = Debug|Any CPU
		{F88DE5A9-EDC6-0C37-11BA-7B42E026DD43}.Debug|Any CPU.Build.0 = Debug|Any CPU
		{F88DE5A9-EDC6-0C37-11BA-7B42E026DD43}.Release|Any CPU.ActiveCfg = Release|Any CPU
		{F88DE5A9-EDC6-0C37-11BA-7B42E026DD43}.Release|Any CPU.Build.0 = Release|Any CPU
		{28AF8CAC-CF34-ACC0-55E1-0062500A0A69}.Debug|Any CPU.ActiveCfg = Debug|Any CPU
		{28AF8CAC-CF34-ACC0-55E1-0062500A0A69}.Debug|Any CPU.Build.0 = Debug|Any CPU
		{28AF8CAC-CF34-ACC0-55E1-0062500A0A69}.Release|Any CPU.ActiveCfg = Release|Any CPU
		{28AF8CAC-CF34-ACC0-55E1-0062500A0A69}.Release|Any CPU.Build.0 = Release|Any CPU
	EndGlobalSection
	GlobalSection(SolutionProperties) = preSolution
		HideSolutionNode = FALSE
	EndGlobalSection
EndGlobal
